// !$*UTF8*$!
{
	archiveVersion = 1;
	classes = {
	};
	objectVersion = 55;
	objects = {

/* Begin PBXBuildFile section */
		97351F762854FEB600671E3C /* Poppins-Bold.ttf in Resources */ = {isa = PBXBuildFile; fileRef = 97351F732854FEA400671E3C /* Poppins-Bold.ttf */; };
		97351F772854FEB900671E3C /* Poppins-Medium.ttf in Resources */ = {isa = PBXBuildFile; fileRef = 97351F742854FEA400671E3C /* Poppins-Medium.ttf */; };
		97351F782854FEBC00671E3C /* Poppins-SemiBold.ttf in Resources */ = {isa = PBXBuildFile; fileRef = 97351F752854FEA400671E3C /* Poppins-SemiBold.ttf */; };
		97351F7A2855009400671E3C /* Poppins-Regular.ttf in Resources */ = {isa = PBXBuildFile; fileRef = 97351F792855009400671E3C /* Poppins-Regular.ttf */; };
		97351F7E2855037000671E3C /* HomeViewController.swift in Sources */ = {isa = PBXBuildFile; fileRef = 97351F7D2855037000671E3C /* HomeViewController.swift */; };
		97351F8128550E4F00671E3C /* DataModel.swift in Sources */ = {isa = PBXBuildFile; fileRef = 97351F8028550E4F00671E3C /* DataModel.swift */; };
		97351F832855121700671E3C /* UserViewController.swift in Sources */ = {isa = PBXBuildFile; fileRef = 97351F822855121700671E3C /* UserViewController.swift */; };
		97A26B2028543C16002BB791 /* AppDelegate.swift in Sources */ = {isa = PBXBuildFile; fileRef = 97A26B1F28543C16002BB791 /* AppDelegate.swift */; };
		97A26B2228543C16002BB791 /* SceneDelegate.swift in Sources */ = {isa = PBXBuildFile; fileRef = 97A26B2128543C16002BB791 /* SceneDelegate.swift */; };
		97A26B2A28543C16002BB791 /* iOS_Native_App_Development_Test.xcdatamodeld in Sources */ = {isa = PBXBuildFile; fileRef = 97A26B2828543C16002BB791 /* iOS_Native_App_Development_Test.xcdatamodeld */; };
		97A26B2C28543C19002BB791 /* Assets.xcassets in Resources */ = {isa = PBXBuildFile; fileRef = 97A26B2B28543C19002BB791 /* Assets.xcassets */; };
		97A26B3728544035002BB791 /* LoginViewController.swift in Sources */ = {isa = PBXBuildFile; fileRef = 97A26B3628544035002BB791 /* LoginViewController.swift */; };
		97A26B5B28545493002BB791 /* Main.storyboard in Resources */ = {isa = PBXBuildFile; fileRef = 97A26B5A28545493002BB791 /* Main.storyboard */; };
		97A6C19A2856022900CEF480 /* HomeView.xib in Resources */ = {isa = PBXBuildFile; fileRef = 97A6C1992856022900CEF480 /* HomeView.xib */; };
		97A6C19C285605AF00CEF480 /* UserView.xib in Resources */ = {isa = PBXBuildFile; fileRef = 97A6C19B285605AF00CEF480 /* UserView.xib */; };
		97A6C19F285607B600CEF480 /* UserTableViewCell.swift in Sources */ = {isa = PBXBuildFile; fileRef = 97A6C19D285607B600CEF480 /* UserTableViewCell.swift */; };
		97A6C1A0285607B600CEF480 /* UserTableViewCell.xib in Resources */ = {isa = PBXBuildFile; fileRef = 97A6C19E285607B600CEF480 /* UserTableViewCell.xib */; };
		97A6C1A2285638B700CEF480 /* UserData.swift in Sources */ = {isa = PBXBuildFile; fileRef = 97A6C1A1285638B700CEF480 /* UserData.swift */; };
		97E14CF82855F595007DEAE9 /* ApiManager.swift in Sources */ = {isa = PBXBuildFile; fileRef = 97E14CF72855F595007DEAE9 /* ApiManager.swift */; };
		97E14CFA2855F5A4007DEAE9 /* ApiConstant.swift in Sources */ = {isa = PBXBuildFile; fileRef = 97E14CF92855F5A4007DEAE9 /* ApiConstant.swift */; };
		97E790022857229600979137 /* WebViewController.swift in Sources */ = {isa = PBXBuildFile; fileRef = 97E790002857229600979137 /* WebViewController.swift */; };
		97E790032857229600979137 /* WebViewController.xib in Resources */ = {isa = PBXBuildFile; fileRef = 97E790012857229600979137 /* WebViewController.xib */; };
		97E7900C2857573900979137 /* MapViewController.swift in Sources */ = {isa = PBXBuildFile; fileRef = 97E7900A2857573900979137 /* MapViewController.swift */; };
		97E7900D2857573900979137 /* MapViewController.xib in Resources */ = {isa = PBXBuildFile; fileRef = 97E7900B2857573900979137 /* MapViewController.xib */; };
		97E790112857726600979137 /* AnnotationPin.swift in Sources */ = {isa = PBXBuildFile; fileRef = 97E790102857726600979137 /* AnnotationPin.swift */; };
		97E79016285780CA00979137 /* BottomSheetViewController.swift in Sources */ = {isa = PBXBuildFile; fileRef = 97E79014285780CA00979137 /* BottomSheetViewController.swift */; };
		97E79017285780CA00979137 /* BottomSheetViewController.xib in Resources */ = {isa = PBXBuildFile; fileRef = 97E79015285780CA00979137 /* BottomSheetViewController.xib */; };
/* End PBXBuildFile section */

/* Begin PBXFileReference section */
		97351F732854FEA400671E3C /* Poppins-Bold.ttf */ = {isa = PBXFileReference; lastKnownFileType = file; path = "Poppins-Bold.ttf"; sourceTree = "<group>"; };
		97351F742854FEA400671E3C /* Poppins-Medium.ttf */ = {isa = PBXFileReference; lastKnownFileType = file; path = "Poppins-Medium.ttf"; sourceTree = "<group>"; };
		97351F752854FEA400671E3C /* Poppins-SemiBold.ttf */ = {isa = PBXFileReference; lastKnownFileType = file; path = "Poppins-SemiBold.ttf"; sourceTree = "<group>"; };
		97351F792855009400671E3C /* Poppins-Regular.ttf */ = {isa = PBXFileReference; lastKnownFileType = file; path = "Poppins-Regular.ttf"; sourceTree = "<group>"; };
		97351F7D2855037000671E3C /* HomeViewController.swift */ = {isa = PBXFileReference; lastKnownFileType = sourcecode.swift; path = HomeViewController.swift; sourceTree = "<group>"; };
		97351F8028550E4F00671E3C /* DataModel.swift */ = {isa = PBXFileReference; lastKnownFileType = sourcecode.swift; path = DataModel.swift; sourceTree = "<group>"; };
		97351F822855121700671E3C /* UserViewController.swift */ = {isa = PBXFileReference; lastKnownFileType = sourcecode.swift; path = UserViewController.swift; sourceTree = "<group>"; };
		97A26B1C28543C16002BB791 /* iOS Native App Development Test.app */ = {isa = PBXFileReference; explicitFileType = wrapper.application; includeInIndex = 0; path = "iOS Native App Development Test.app"; sourceTree = BUILT_PRODUCTS_DIR; };
		97A26B1F28543C16002BB791 /* AppDelegate.swift */ = {isa = PBXFileReference; lastKnownFileType = sourcecode.swift; path = AppDelegate.swift; sourceTree = "<group>"; };
		97A26B2128543C16002BB791 /* SceneDelegate.swift */ = {isa = PBXFileReference; lastKnownFileType = sourcecode.swift; path = SceneDelegate.swift; sourceTree = "<group>"; };
		97A26B2928543C16002BB791 /* iOS_Native_App_Development_Test.xcdatamodel */ = {isa = PBXFileReference; lastKnownFileType = wrapper.xcdatamodel; path = iOS_Native_App_Development_Test.xcdatamodel; sourceTree = "<group>"; };
		97A26B2B28543C19002BB791 /* Assets.xcassets */ = {isa = PBXFileReference; lastKnownFileType = folder.assetcatalog; path = Assets.xcassets; sourceTree = "<group>"; };
		97A26B3028543C19002BB791 /* Info.plist */ = {isa = PBXFileReference; lastKnownFileType = text.plist.xml; path = Info.plist; sourceTree = "<group>"; };
		97A26B3628544035002BB791 /* LoginViewController.swift */ = {isa = PBXFileReference; lastKnownFileType = sourcecode.swift; path = LoginViewController.swift; sourceTree = "<group>"; };
		97A26B5A28545493002BB791 /* Main.storyboard */ = {isa = PBXFileReference; lastKnownFileType = file.storyboard; path = Main.storyboard; sourceTree = "<group>"; };
		97A6C1992856022900CEF480 /* HomeView.xib */ = {isa = PBXFileReference; lastKnownFileType = file.xib; path = HomeView.xib; sourceTree = "<group>"; };
		97A6C19B285605AF00CEF480 /* UserView.xib */ = {isa = PBXFileReference; lastKnownFileType = file.xib; path = UserView.xib; sourceTree = "<group>"; };
		97A6C19D285607B600CEF480 /* UserTableViewCell.swift */ = {isa = PBXFileReference; lastKnownFileType = sourcecode.swift; path = UserTableViewCell.swift; sourceTree = "<group>"; };
		97A6C19E285607B600CEF480 /* UserTableViewCell.xib */ = {isa = PBXFileReference; lastKnownFileType = file.xib; path = UserTableViewCell.xib; sourceTree = "<group>"; };
		97A6C1A1285638B700CEF480 /* UserData.swift */ = {isa = PBXFileReference; lastKnownFileType = sourcecode.swift; path = UserData.swift; sourceTree = "<group>"; };
		97E14CF72855F595007DEAE9 /* ApiManager.swift */ = {isa = PBXFileReference; lastKnownFileType = sourcecode.swift; path = ApiManager.swift; sourceTree = "<group>"; };
		97E14CF92855F5A4007DEAE9 /* ApiConstant.swift */ = {isa = PBXFileReference; lastKnownFileType = sourcecode.swift; path = ApiConstant.swift; sourceTree = "<group>"; };
		97E790002857229600979137 /* WebViewController.swift */ = {isa = PBXFileReference; lastKnownFileType = sourcecode.swift; path = WebViewController.swift; sourceTree = "<group>"; };
		97E790012857229600979137 /* WebViewController.xib */ = {isa = PBXFileReference; lastKnownFileType = file.xib; path = WebViewController.xib; sourceTree = "<group>"; };
		97E7900A2857573900979137 /* MapViewController.swift */ = {isa = PBXFileReference; lastKnownFileType = sourcecode.swift; path = MapViewController.swift; sourceTree = "<group>"; };
		97E7900B2857573900979137 /* MapViewController.xib */ = {isa = PBXFileReference; lastKnownFileType = file.xib; path = MapViewController.xib; sourceTree = "<group>"; };
		97E790102857726600979137 /* AnnotationPin.swift */ = {isa = PBXFileReference; lastKnownFileType = sourcecode.swift; path = AnnotationPin.swift; sourceTree = "<group>"; };
		97E79014285780CA00979137 /* BottomSheetViewController.swift */ = {isa = PBXFileReference; lastKnownFileType = sourcecode.swift; path = BottomSheetViewController.swift; sourceTree = "<group>"; };
		97E79015285780CA00979137 /* BottomSheetViewController.xib */ = {isa = PBXFileReference; lastKnownFileType = file.xib; path = BottomSheetViewController.xib; sourceTree = "<group>"; };
/* End PBXFileReference section */

/* Begin PBXFrameworksBuildPhase section */
		97A26B1928543C16002BB791 /* Frameworks */ = {
			isa = PBXFrameworksBuildPhase;
			buildActionMask = 2147483647;
			files = (
			);
			runOnlyForDeploymentPostprocessing = 0;
		};
/* End PBXFrameworksBuildPhase section */

/* Begin PBXGroup section */
		97351F722854FE3C00671E3C /* Font */ = {
			isa = PBXGroup;
			children = (
				97351F732854FEA400671E3C /* Poppins-Bold.ttf */,
				97351F742854FEA400671E3C /* Poppins-Medium.ttf */,
				97351F792855009400671E3C /* Poppins-Regular.ttf */,
				97351F752854FEA400671E3C /* Poppins-SemiBold.ttf */,
			);
			path = Font;
			sourceTree = "<group>";
		};
		97A26B1328543C16002BB791 = {
			isa = PBXGroup;
			children = (
				97A26B1E28543C16002BB791 /* iOS Native App Development Test */,
				97A26B1D28543C16002BB791 /* Products */,
			);
			sourceTree = "<group>";
		};
		97A26B1D28543C16002BB791 /* Products */ = {
			isa = PBXGroup;
			children = (
				97A26B1C28543C16002BB791 /* iOS Native App Development Test.app */,
			);
			name = Products;
			sourceTree = "<group>";
		};
		97A26B1E28543C16002BB791 /* iOS Native App Development Test */ = {
			isa = PBXGroup;
			children = (
				97E79004285756EA00979137 /* Map */,
				97E78FD62857048B00979137 /* Webview */,
				97E14CF62855F57E007DEAE9 /* Helper */,
				97E14CF22855F4B8007DEAE9 /* User */,
				97E14CEE2855F461007DEAE9 /* Home */,
				97E14CEA2855F3A1007DEAE9 /* Login */,
				97351F722854FE3C00671E3C /* Font */,
				97A26B1F28543C16002BB791 /* AppDelegate.swift */,
				97A26B2128543C16002BB791 /* SceneDelegate.swift */,
				97A26B2B28543C19002BB791 /* Assets.xcassets */,
				97A26B3028543C19002BB791 /* Info.plist */,
				97A26B2828543C16002BB791 /* iOS_Native_App_Development_Test.xcdatamodeld */,
			);
			path = "iOS Native App Development Test";
			sourceTree = "<group>";
		};
		97E14CEA2855F3A1007DEAE9 /* Login */ = {
			isa = PBXGroup;
			children = (
				97E14CEC2855F3BA007DEAE9 /* View */,
				97E14CED2855F3C1007DEAE9 /* Controller */,
			);
			path = Login;
			sourceTree = "<group>";
		};
		97E14CEC2855F3BA007DEAE9 /* View */ = {
			isa = PBXGroup;
			children = (
				97A26B5A28545493002BB791 /* Main.storyboard */,
			);
			path = View;
			sourceTree = "<group>";
		};
		97E14CED2855F3C1007DEAE9 /* Controller */ = {
			isa = PBXGroup;
			children = (
				97A26B3628544035002BB791 /* LoginViewController.swift */,
			);
			path = Controller;
			sourceTree = "<group>";
		};
		97E14CEE2855F461007DEAE9 /* Home */ = {
			isa = PBXGroup;
			children = (
				97E14CEF2855F469007DEAE9 /* Model */,
				97E14CF02855F46E007DEAE9 /* View */,
				97E14CF12855F479007DEAE9 /* Controller */,
			);
			path = Home;
			sourceTree = "<group>";
		};
		97E14CEF2855F469007DEAE9 /* Model */ = {
			isa = PBXGroup;
			children = (
				97A6C1A1285638B700CEF480 /* UserData.swift */,
			);
			path = Model;
			sourceTree = "<group>";
		};
		97E14CF02855F46E007DEAE9 /* View */ = {
			isa = PBXGroup;
			children = (
				97A6C1992856022900CEF480 /* HomeView.xib */,
			);
			path = View;
			sourceTree = "<group>";
		};
		97E14CF12855F479007DEAE9 /* Controller */ = {
			isa = PBXGroup;
			children = (
				97351F7D2855037000671E3C /* HomeViewController.swift */,
			);
			path = Controller;
			sourceTree = "<group>";
		};
		97E14CF22855F4B8007DEAE9 /* User */ = {
			isa = PBXGroup;
			children = (
				97E14CF32855F4D5007DEAE9 /* Model */,
				97E14CF42855F4DD007DEAE9 /* View */,
				97E14CF52855F51B007DEAE9 /* Controller */,
			);
			path = User;
			sourceTree = "<group>";
		};
		97E14CF32855F4D5007DEAE9 /* Model */ = {
			isa = PBXGroup;
			children = (
				97351F8028550E4F00671E3C /* DataModel.swift */,
			);
			path = Model;
			sourceTree = "<group>";
		};
		97E14CF42855F4DD007DEAE9 /* View */ = {
			isa = PBXGroup;
			children = (
				97A6C19B285605AF00CEF480 /* UserView.xib */,
				97A6C19E285607B600CEF480 /* UserTableViewCell.xib */,
			);
			path = View;
			sourceTree = "<group>";
		};
		97E14CF52855F51B007DEAE9 /* Controller */ = {
			isa = PBXGroup;
			children = (
				97351F822855121700671E3C /* UserViewController.swift */,
				97A6C19D285607B600CEF480 /* UserTableViewCell.swift */,
			);
			path = Controller;
			sourceTree = "<group>";
		};
		97E14CF62855F57E007DEAE9 /* Helper */ = {
			isa = PBXGroup;
			children = (
				97E14CF72855F595007DEAE9 /* ApiManager.swift */,
				97E14CF92855F5A4007DEAE9 /* ApiConstant.swift */,
			);
			path = Helper;
			sourceTree = "<group>";
		};
		97E78FD62857048B00979137 /* Webview */ = {
			isa = PBXGroup;
			children = (
				97E78FD7285704A200979137 /* Model */,
				97E78FD8285704A800979137 /* View */,
				97E78FD9285704AD00979137 /* Controller */,
			);
			path = Webview;
			sourceTree = "<group>";
		};
		97E78FD7285704A200979137 /* Model */ = {
			isa = PBXGroup;
			children = (
			);
			path = Model;
			sourceTree = "<group>";
		};
		97E78FD8285704A800979137 /* View */ = {
			isa = PBXGroup;
			children = (
				97E790012857229600979137 /* WebViewController.xib */,
			);
			path = View;
			sourceTree = "<group>";
		};
		97E78FD9285704AD00979137 /* Controller */ = {
			isa = PBXGroup;
			children = (
				97E790002857229600979137 /* WebViewController.swift */,
			);
			path = Controller;
			sourceTree = "<group>";
		};
		97E79004285756EA00979137 /* Map */ = {
			isa = PBXGroup;
			children = (
				97E79005285756FE00979137 /* Model */,
				97E790062857570600979137 /* View */,
				97E790072857571100979137 /* Controller */,
			);
			path = Map;
			sourceTree = "<group>";
		};
		97E79005285756FE00979137 /* Model */ = {
			isa = PBXGroup;
			children = (
				97E790102857726600979137 /* AnnotationPin.swift */,
			);
			path = Model;
			sourceTree = "<group>";
		};
		97E790062857570600979137 /* View */ = {
			isa = PBXGroup;
			children = (
				97E7900B2857573900979137 /* MapViewController.xib */,
				97E79015285780CA00979137 /* BottomSheetViewController.xib */,
			);
			path = View;
			sourceTree = "<group>";
		};
		97E790072857571100979137 /* Controller */ = {
			isa = PBXGroup;
			children = (
				97E7900A2857573900979137 /* MapViewController.swift */,
				97E79014285780CA00979137 /* BottomSheetViewController.swift */,
			);
			path = Controller;
			sourceTree = "<group>";
		};
/* End PBXGroup section */

/* Begin PBXNativeTarget section */
		97A26B1B28543C16002BB791 /* iOS Native App Development Test */ = {
			isa = PBXNativeTarget;
			buildConfigurationList = 97A26B3328543C19002BB791 /* Build configuration list for PBXNativeTarget "iOS Native App Development Test" */;
			buildPhases = (
				97A26B1828543C16002BB791 /* Sources */,
				97A26B1928543C16002BB791 /* Frameworks */,
				97A26B1A28543C16002BB791 /* Resources */,
			);
			buildRules = (
			);
			dependencies = (
			);
			name = "iOS Native App Development Test";
			productName = "iOS Native App Development Test";
			productReference = 97A26B1C28543C16002BB791 /* iOS Native App Development Test.app */;
			productType = "com.apple.product-type.application";
		};
/* End PBXNativeTarget section */

/* Begin PBXProject section */
		97A26B1428543C16002BB791 /* Project object */ = {
			isa = PBXProject;
			attributes = {
				BuildIndependentTargetsInParallel = 1;
				LastSwiftUpdateCheck = 1340;
				LastUpgradeCheck = 1340;
				TargetAttributes = {
					97A26B1B28543C16002BB791 = {
						CreatedOnToolsVersion = 13.4.1;
					};
				};
			};
			buildConfigurationList = 97A26B1728543C16002BB791 /* Build configuration list for PBXProject "iOS Native App Development Test" */;
			compatibilityVersion = "Xcode 13.0";
			developmentRegion = en;
			hasScannedForEncodings = 0;
			knownRegions = (
				en,
				Base,
			);
			mainGroup = 97A26B1328543C16002BB791;
			productRefGroup = 97A26B1D28543C16002BB791 /* Products */;
			projectDirPath = "";
			projectRoot = "";
			targets = (
				97A26B1B28543C16002BB791 /* iOS Native App Development Test */,
			);
		};
/* End PBXProject section */

/* Begin PBXResourcesBuildPhase section */
		97A26B1A28543C16002BB791 /* Resources */ = {
			isa = PBXResourcesBuildPhase;
			buildActionMask = 2147483647;
			files = (
				97A6C19A2856022900CEF480 /* HomeView.xib in Resources */,
				97351F782854FEBC00671E3C /* Poppins-SemiBold.ttf in Resources */,
				97A26B5B28545493002BB791 /* Main.storyboard in Resources */,
				97351F772854FEB900671E3C /* Poppins-Medium.ttf in Resources */,
				97351F7A2855009400671E3C /* Poppins-Regular.ttf in Resources */,
				97351F762854FEB600671E3C /* Poppins-Bold.ttf in Resources */,
				97A26B2C28543C19002BB791 /* Assets.xcassets in Resources */,
				97E790032857229600979137 /* WebViewController.xib in Resources */,
				97A6C1A0285607B600CEF480 /* UserTableViewCell.xib in Resources */,
				97E7900D2857573900979137 /* MapViewController.xib in Resources */,
				97A6C19C285605AF00CEF480 /* UserView.xib in Resources */,
				97E79017285780CA00979137 /* BottomSheetViewController.xib in Resources */,
			);
			runOnlyForDeploymentPostprocessing = 0;
		};
/* End PBXResourcesBuildPhase section */

/* Begin PBXSourcesBuildPhase section */
		97A26B1828543C16002BB791 /* Sources */ = {
			isa = PBXSourcesBuildPhase;
			buildActionMask = 2147483647;
			files = (
				97351F832855121700671E3C /* UserViewController.swift in Sources */,
				97E14CF82855F595007DEAE9 /* ApiManager.swift in Sources */,
				97351F7E2855037000671E3C /* HomeViewController.swift in Sources */,
				97A26B2028543C16002BB791 /* AppDelegate.swift in Sources */,
				97A6C19F285607B600CEF480 /* UserTableViewCell.swift in Sources */,
				97A6C1A2285638B700CEF480 /* UserData.swift in Sources */,
				97E7900C2857573900979137 /* MapViewController.swift in Sources */,
				97351F8128550E4F00671E3C /* DataModel.swift in Sources */,
				97E790022857229600979137 /* WebViewController.swift in Sources */,
				97A26B2A28543C16002BB791 /* iOS_Native_App_Development_Test.xcdatamodeld in Sources */,
				97A26B3728544035002BB791 /* LoginViewController.swift in Sources */,
				97E14CFA2855F5A4007DEAE9 /* ApiConstant.swift in Sources */,
				97E790112857726600979137 /* AnnotationPin.swift in Sources */,
				97E79016285780CA00979137 /* BottomSheetViewController.swift in Sources */,
				97A26B2228543C16002BB791 /* SceneDelegate.swift in Sources */,
			);
			runOnlyForDeploymentPostprocessing = 0;
		};
/* End PBXSourcesBuildPhase section */

/* Begin XCBuildConfiguration section */
		97A26B3128543C19002BB791 /* Debug */ = {
			isa = XCBuildConfiguration;
			buildSettings = {
				ALWAYS_SEARCH_USER_PATHS = NO;
				CLANG_ANALYZER_NONNULL = YES;
				CLANG_ANALYZER_NUMBER_OBJECT_CONVERSION = YES_AGGRESSIVE;
				CLANG_CXX_LANGUAGE_STANDARD = "gnu++17";
				CLANG_ENABLE_MODULES = YES;
				CLANG_ENABLE_OBJC_ARC = YES;
				CLANG_ENABLE_OBJC_WEAK = YES;
				CLANG_WARN_BLOCK_CAPTURE_AUTORELEASING = YES;
				CLANG_WARN_BOOL_CONVERSION = YES;
				CLANG_WARN_COMMA = YES;
				CLANG_WARN_CONSTANT_CONVERSION = YES;
				CLANG_WARN_DEPRECATED_OBJC_IMPLEMENTATIONS = YES;
				CLANG_WARN_DIRECT_OBJC_ISA_USAGE = YES_ERROR;
				CLANG_WARN_DOCUMENTATION_COMMENTS = YES;
				CLANG_WARN_EMPTY_BODY = YES;
				CLANG_WARN_ENUM_CONVERSION = YES;
				CLANG_WARN_INFINITE_RECURSION = YES;
				CLANG_WARN_INT_CONVERSION = YES;
				CLANG_WARN_NON_LITERAL_NULL_CONVERSION = YES;
				CLANG_WARN_OBJC_IMPLICIT_RETAIN_SELF = YES;
				CLANG_WARN_OBJC_LITERAL_CONVERSION = YES;
				CLANG_WARN_OBJC_ROOT_CLASS = YES_ERROR;
				CLANG_WARN_QUOTED_INCLUDE_IN_FRAMEWORK_HEADER = YES;
				CLANG_WARN_RANGE_LOOP_ANALYSIS = YES;
				CLANG_WARN_STRICT_PROTOTYPES = YES;
				CLANG_WARN_SUSPICIOUS_MOVE = YES;
				CLANG_WARN_UNGUARDED_AVAILABILITY = YES_AGGRESSIVE;
				CLANG_WARN_UNREACHABLE_CODE = YES;
				CLANG_WARN__DUPLICATE_METHOD_MATCH = YES;
				COPY_PHASE_STRIP = NO;
				DEBUG_INFORMATION_FORMAT = dwarf;
				ENABLE_STRICT_OBJC_MSGSEND = YES;
				ENABLE_TESTABILITY = YES;
				GCC_C_LANGUAGE_STANDARD = gnu11;
				GCC_DYNAMIC_NO_PIC = NO;
				GCC_NO_COMMON_BLOCKS = YES;
				GCC_OPTIMIZATION_LEVEL = 0;
				GCC_PREPROCESSOR_DEFINITIONS = (
					"DEBUG=1",
					"$(inherited)",
				);
				GCC_WARN_64_TO_32_BIT_CONVERSION = YES;
				GCC_WARN_ABOUT_RETURN_TYPE = YES_ERROR;
				GCC_WARN_UNDECLARED_SELECTOR = YES;
				GCC_WARN_UNINITIALIZED_AUTOS = YES_AGGRESSIVE;
				GCC_WARN_UNUSED_FUNCTION = YES;
				GCC_WARN_UNUSED_VARIABLE = YES;
				IPHONEOS_DEPLOYMENT_TARGET = 15.5;
				MTL_ENABLE_DEBUG_INFO = INCLUDE_SOURCE;
				MTL_FAST_MATH = YES;
				ONLY_ACTIVE_ARCH = YES;
				SDKROOT = iphoneos;
				SWIFT_ACTIVE_COMPILATION_CONDITIONS = DEBUG;
				SWIFT_OPTIMIZATION_LEVEL = "-Onone";
			};
			name = Debug;
		};
		97A26B3228543C19002BB791 /* Release */ = {
			isa = XCBuildConfiguration;
			buildSettings = {
				ALWAYS_SEARCH_USER_PATHS = NO;
				CLANG_ANALYZER_NONNULL = YES;
				CLANG_ANALYZER_NUMBER_OBJECT_CONVERSION = YES_AGGRESSIVE;
				CLANG_CXX_LANGUAGE_STANDARD = "gnu++17";
				CLANG_ENABLE_MODULES = YES;
				CLANG_ENABLE_OBJC_ARC = YES;
				CLANG_ENABLE_OBJC_WEAK = YES;
				CLANG_WARN_BLOCK_CAPTURE_AUTORELEASING = YES;
				CLANG_WARN_BOOL_CONVERSION = YES;
				CLANG_WARN_COMMA = YES;
				CLANG_WARN_CONSTANT_CONVERSION = YES;
				CLANG_WARN_DEPRECATED_OBJC_IMPLEMENTATIONS = YES;
				CLANG_WARN_DIRECT_OBJC_ISA_USAGE = YES_ERROR;
				CLANG_WARN_DOCUMENTATION_COMMENTS = YES;
				CLANG_WARN_EMPTY_BODY = YES;
				CLANG_WARN_ENUM_CONVERSION = YES;
				CLANG_WARN_INFINITE_RECURSION = YES;
				CLANG_WARN_INT_CONVERSION = YES;
				CLANG_WARN_NON_LITERAL_NULL_CONVERSION = YES;
				CLANG_WARN_OBJC_IMPLICIT_RETAIN_SELF = YES;
				CLANG_WARN_OBJC_LITERAL_CONVERSION = YES;
				CLANG_WARN_OBJC_ROOT_CLASS = YES_ERROR;
				CLANG_WARN_QUOTED_INCLUDE_IN_FRAMEWORK_HEADER = YES;
				CLANG_WARN_RANGE_LOOP_ANALYSIS = YES;
				CLANG_WARN_STRICT_PROTOTYPES = YES;
				CLANG_WARN_SUSPICIOUS_MOVE = YES;
				CLANG_WARN_UNGUARDED_AVAILABILITY = YES_AGGRESSIVE;
				CLANG_WARN_UNREACHABLE_CODE = YES;
				CLANG_WARN__DUPLICATE_METHOD_MATCH = YES;
				COPY_PHASE_STRIP = NO;
				DEBUG_INFORMATION_FORMAT = "dwarf-with-dsym";
				ENABLE_NS_ASSERTIONS = NO;
				ENABLE_STRICT_OBJC_MSGSEND = YES;
				GCC_C_LANGUAGE_STANDARD = gnu11;
				GCC_NO_COMMON_BLOCKS = YES;
				GCC_WARN_64_TO_32_BIT_CONVERSION = YES;
				GCC_WARN_ABOUT_RETURN_TYPE = YES_ERROR;
				GCC_WARN_UNDECLARED_SELECTOR = YES;
				GCC_WARN_UNINITIALIZED_AUTOS = YES_AGGRESSIVE;
				GCC_WARN_UNUSED_FUNCTION = YES;
				GCC_WARN_UNUSED_VARIABLE = YES;
				IPHONEOS_DEPLOYMENT_TARGET = 15.5;
				MTL_ENABLE_DEBUG_INFO = NO;
				MTL_FAST_MATH = YES;
				SDKROOT = iphoneos;
				SWIFT_COMPILATION_MODE = wholemodule;
				SWIFT_OPTIMIZATION_LEVEL = "-O";
				VALIDATE_PRODUCT = YES;
			};
			name = Release;
		};
		97A26B3428543C19002BB791 /* Debug */ = {
			isa = XCBuildConfiguration;
			buildSettings = {
				ASSETCATALOG_COMPILER_APPICON_NAME = AppIcon;
				ASSETCATALOG_COMPILER_GLOBAL_ACCENT_COLOR_NAME = AccentColor;
				CODE_SIGN_STYLE = Automatic;
				CURRENT_PROJECT_VERSION = 1;
				DEVELOPMENT_TEAM = 98QK38C4QU;
				GENERATE_INFOPLIST_FILE = YES;
				INFOPLIST_FILE = "iOS Native App Development Test/Info.plist";
				INFOPLIST_KEY_UIApplicationSupportsIndirectInputEvents = YES;
				INFOPLIST_KEY_UILaunchStoryboardName = LaunchScreen;
				INFOPLIST_KEY_UIMainStoryboardFile = Main;
				INFOPLIST_KEY_UISupportedInterfaceOrientations_iPad = "UIInterfaceOrientationPortrait UIInterfaceOrientationPortraitUpsideDown UIInterfaceOrientationLandscapeLeft UIInterfaceOrientationLandscapeRight";
				INFOPLIST_KEY_UISupportedInterfaceOrientations_iPhone = "UIInterfaceOrientationPortrait UIInterfaceOrientationLandscapeLeft UIInterfaceOrientationLandscapeRight";
				LD_RUNPATH_SEARCH_PATHS = (
					"$(inherited)",
					"@executable_path/Frameworks",
				);
				MARKETING_VERSION = 1.0;
				PRODUCT_BUNDLE_IDENTIFIER = "com.pieteryonathan.iOS-Native-App-Development-Test";
				PRODUCT_NAME = "$(TARGET_NAME)";
				SWIFT_EMIT_LOC_STRINGS = YES;
				SWIFT_VERSION = 5.0;
				TARGETED_DEVICE_FAMILY = "1,2";
			};
			name = Debug;
		};
		97A26B3528543C19002BB791 /* Release */ = {
			isa = XCBuildConfiguration;
			buildSettings = {
				ASSETCATALOG_COMPILER_APPICON_NAME = AppIcon;
				ASSETCATALOG_COMPILER_GLOBAL_ACCENT_COLOR_NAME = AccentColor;
				CODE_SIGN_STYLE = Automatic;
				CURRENT_PROJECT_VERSION = 1;
				DEVELOPMENT_TEAM = 98QK38C4QU;
				GENERATE_INFOPLIST_FILE = YES;
				INFOPLIST_FILE = "iOS Native App Development Test/Info.plist";
				INFOPLIST_KEY_UIApplicationSupportsIndirectInputEvents = YES;
				INFOPLIST_KEY_UILaunchStoryboardName = LaunchScreen;
				INFOPLIST_KEY_UIMainStoryboardFile = Main;
				INFOPLIST_KEY_UISupportedInterfaceOrientations_iPad = "UIInterfaceOrientationPortrait UIInterfaceOrientationPortraitUpsideDown UIInterfaceOrientationLandscapeLeft UIInterfaceOrientationLandscapeRight";
				INFOPLIST_KEY_UISupportedInterfaceOrientations_iPhone = "UIInterfaceOrientationPortrait UIInterfaceOrientationLandscapeLeft UIInterfaceOrientationLandscapeRight";
				LD_RUNPATH_SEARCH_PATHS = (
					"$(inherited)",
					"@executable_path/Frameworks",
				);
				MARKETING_VERSION = 1.0;
				PRODUCT_BUNDLE_IDENTIFIER = "com.pieteryonathan.iOS-Native-App-Development-Test";
				PRODUCT_NAME = "$(TARGET_NAME)";
				SWIFT_EMIT_LOC_STRINGS = YES;
				SWIFT_VERSION = 5.0;
				TARGETED_DEVICE_FAMILY = "1,2";
			};
			name = Release;
		};
/* End XCBuildConfiguration section */

/* Begin XCConfigurationList section */
		97A26B1728543C16002BB791 /* Build configuration list for PBXProject "iOS Native App Development Test" */ = {
			isa = XCConfigurationList;
			buildConfigurations = (
				97A26B3128543C19002BB791 /* Debug */,
				97A26B3228543C19002BB791 /* Release */,
			);
			defaultConfigurationIsVisible = 0;
			defaultConfigurationName = Release;
		};
		97A26B3328543C19002BB791 /* Build configuration list for PBXNativeTarget "iOS Native App Development Test" */ = {
			isa = XCConfigurationList;
			buildConfigurations = (
				97A26B3428543C19002BB791 /* Debug */,
				97A26B3528543C19002BB791 /* Release */,
			);
			defaultConfigurationIsVisible = 0;
			defaultConfigurationName = Release;
		};
/* End XCConfigurationList section */

/* Begin XCVersionGroup section */
		97A26B2828543C16002BB791 /* iOS_Native_App_Development_Test.xcdatamodeld */ = {
			isa = XCVersionGroup;
			children = (
				97A26B2928543C16002BB791 /* iOS_Native_App_Development_Test.xcdatamodel */,
			);
			currentVersion = 97A26B2928543C16002BB791 /* iOS_Native_App_Development_Test.xcdatamodel */;
			path = iOS_Native_App_Development_Test.xcdatamodeld;
			sourceTree = "<group>";
			versionGroupType = wrapper.xcdatamodel;
		};
/* End XCVersionGroup section */
	};
	rootObject = 97A26B1428543C16002BB791 /* Project object */;
}
